
Microsoft Visual Studio Solution File, Format Version 12.00
# Visual Studio Version 16
VisualStudioVersion = 16.0.31105.61
MinimumVisualStudioVersion = 10.0.40219.1
Project("{9A19103F-16F7-4668-BE54-9A1E7A4F7556}") = "BackEnd", "BackEnd\BackEnd.csproj", "{D1C2934C-2BB4-4963-AA4C-1951CE517ED1}"
EndProject
Project("{9A19103F-16F7-4668-BE54-9A1E7A4F7556}") = "FrontEnd", "FrontEnd\FrontEnd.csproj", "{9BD923E9-F460-44A8-B274-C6366387ED45}"
EndProject
Project("{9A19103F-16F7-4668-BE54-9A1E7A4F7556}") = "ManagementGamesDTO", "ManagementGamesDTO\ManagementGamesDTO.csproj", "{93018B34-67CB-4D1B-9C59-DF3E815A1A60}"
EndProject
Global
	GlobalSection(SolutionConfigurationPlatforms) = preSolution
		Debug|Any CPU = Debug|Any CPU
		Release|Any CPU = Release|Any CPU
	EndGlobalSection
	GlobalSection(ProjectConfigurationPlatforms) = postSolution
		{D1C2934C-2BB4-4963-AA4C-1951CE517ED1}.Debug|Any CPU.ActiveCfg = Debug|Any CPU
		{D1C2934C-2BB4-4963-AA4C-1951CE517ED1}.Debug|Any CPU.Build.0 = Debug|Any CPU
		{D1C2934C-2BB4-4963-AA4C-1951CE517ED1}.Release|Any CPU.ActiveCfg = Release|Any CPU
		{D1C2934C-2BB4-4963-AA4C-1951CE517ED1}.Release|Any CPU.Build.0 = Release|Any CPU
		{9BD923E9-F460-44A8-B274-C6366387ED45}.Debug|Any CPU.ActiveCfg = Debug|Any CPU
		{9BD923E9-F460-44A8-B274-C6366387ED45}.Debug|Any CPU.Build.0 = Debug|Any CPU
		{9BD923E9-F460-44A8-B274-C6366387ED45}.Release|Any CPU.ActiveCfg = Release|Any CPU
		{9BD923E9-F460-44A8-B274-C6366387ED45}.Release|Any CPU.Build.0 = Release|Any CPU
		{93018B34-67CB-4D1B-9C59-DF3E815A1A60}.Debug|Any CPU.ActiveCfg = Debug|Any CPU
		{93018B34-67CB-4D1B-9C59-DF3E815A1A60}.Debug|Any CPU.Build.0 = Debug|Any CPU
		{93018B34-67CB-4D1B-9C59-DF3E815A1A60}.Release|Any CPU.ActiveCfg = Release|Any CPU
		{93018B34-67CB-4D1B-9C59-DF3E815A1A60}.Release|Any CPU.Build.0 = Release|Any CPU
	EndGlobalSection
	GlobalSection(SolutionProperties) = preSolution
		HideSolutionNode = FALSE
	EndGlobalSection
	GlobalSection(ExtensibilityGlobals) = postSolution
		SolutionGuid = {46EC1AA7-AD65-440D-94FD-EF4A73268FA7}
	EndGlobalSection
EndGlobal
